
Microsoft Visual Studio Solution File, Format Version 12.00
# Visual Studio 15
VisualStudioVersion = 15.0.28307.271
MinimumVisualStudioVersion = 10.0.40219.1
Project("{FAE04EC0-301F-11D3-BF4B-00C04F79EFBC}") = "Lab1", "Lab1\Lab1.csproj", "{D788A737-F344-427E-82F5-8F436D1E358D}"
EndProject
Global
	GlobalSection(SolutionConfigurationPlatforms) = preSolution
		Debug|Any CPU = Debug|Any CPU
		Release|Any CPU = Release|Any CPU
	EndGlobalSection
	GlobalSection(ProjectConfigurationPlatforms) = postSolution
		{D788A737-F344-427E-82F5-8F436D1E358D}.Debug|Any CPU.ActiveCfg = Debug|Any CPU
		{D788A737-F344-427E-82F5-8F436D1E358D}.Debug|Any CPU.Build.0 = Debug|Any CPU
		{D788A737-F344-427E-82F5-8F436D1E358D}.Release|Any CPU.ActiveCfg = Release|Any CPU
		{D788A737-F344-427E-82F5-8F436D1E358D}.Release|Any CPU.Build.0 = Release|Any CPU
	EndGlobalSection
	GlobalSection(SolutionProperties) = preSolution
		HideSolutionNode = FALSE
	EndGlobalSection
	GlobalSection(ExtensibilityGlobals) = postSolution
		SolutionGuid = {7E2EB8F5-4C46-4AA9-971C-6731777F5F0E}
	EndGlobalSection
EndGlobal
